
Microsoft Visual Studio Solution File, Format Version 12.00
# Visual Studio Version 17
VisualStudioVersion = 17.13.35818.85
MinimumVisualStudioVersion = 10.0.40219.1
Project("{9A19103F-16F7-4668-BE54-9A1E7A4F7556}") = "JWTTokendemo", "JWTTokendemo\JWTTokendemo.csproj", "{F10E2BE5-A226-41B3-9558-7CA1540B2E41}"
EndProject
Global
	GlobalSection(SolutionConfigurationPlatforms) = preSolution
		Debug|Any CPU = Debug|Any CPU
		Release|Any CPU = Release|Any CPU
	EndGlobalSection
	GlobalSection(ProjectConfigurationPlatforms) = postSolution
		{F10E2BE5-A226-41B3-9558-7CA1540B2E41}.Debug|Any CPU.ActiveCfg = Debug|Any CPU
		{F10E2BE5-A226-41B3-9558-7CA1540B2E41}.Debug|Any CPU.Build.0 = Debug|Any CPU
		{F10E2BE5-A226-41B3-9558-7CA1540B2E41}.Release|Any CPU.ActiveCfg = Release|Any CPU
		{F10E2BE5-A226-41B3-9558-7CA1540B2E41}.Release|Any CPU.Build.0 = Release|Any CPU
	EndGlobalSection
	GlobalSection(SolutionProperties) = preSolution
		HideSolutionNode = FALSE
	EndGlobalSection
	GlobalSection(ExtensibilityGlobals) = postSolution
		SolutionGuid = {235FE3A6-20F4-472D-9AF6-31D4CB449CDA}
	EndGlobalSection
EndGlobal
